// !$*UTF8*$!
{
	archiveVersion = 1;
	classes = {
	};
	objectVersion = 46;
	objects = {

/* Begin PBXBuildFile section */
		220AD79A1509019B00748655 /* SenTestingKit.framework in Frameworks */ = {isa = PBXBuildFile; fileRef = 220AD7991509019B00748655 /* SenTestingKit.framework */; };
		2239A20A164C53F3008D4ADE /* KMSServer.m in Sources */ = {isa = PBXBuildFile; fileRef = 2239A201164C53F3008D4ADE /* KMSServer.m */; };
		2239A20B164C53F3008D4ADE /* KMSConnection.m in Sources */ = {isa = PBXBuildFile; fileRef = 2239A203164C53F3008D4ADE /* KMSConnection.m */; };
		2239A20D164C53F3008D4ADE /* KMSListener.m in Sources */ = {isa = PBXBuildFile; fileRef = 2239A207164C53F3008D4ADE /* KMSListener.m */; };
		2239A20E164C53F3008D4ADE /* KMSResponder.m in Sources */ = {isa = PBXBuildFile; fileRef = 2239A209164C53F3008D4ADE /* KMSResponder.m */; };
		224AB38F166E5A660066B1C6 /* KMSCollectionTests.m in Sources */ = {isa = PBXBuildFile; fileRef = 224AB38D166E5A660066B1C6 /* KMSCollectionTests.m */; };
		224AB390166E5A660066B1C6 /* KMSManualTests.m in Sources */ = {isa = PBXBuildFile; fileRef = 224AB38E166E5A660066B1C6 /* KMSManualTests.m */; };
		224AB393166E5A7A0066B1C6 /* KMSTestCase.m in Sources */ = {isa = PBXBuildFile; fileRef = 224AB392166E5A7A0066B1C6 /* KMSTestCase.m */; };
		22662EE7165D219A005FCC4A /* KMSResponseCollection.m in Sources */ = {isa = PBXBuildFile; fileRef = 22662EE6165D219A005FCC4A /* KMSResponseCollection.m */; };
		22662EEF165D2C65005FCC4A /* ftp.json in Resources */ = {isa = PBXBuildFile; fileRef = 22662EED165D2C65005FCC4A /* ftp.json */; };
		22662EF0165D2C65005FCC4A /* webdav.json in Resources */ = {isa = PBXBuildFile; fileRef = 22662EEE165D2C65005FCC4A /* webdav.json */; };
		2289BC0516AD63CD007DC402 /* KMSTranscriptEntry.m in Sources */ = {isa = PBXBuildFile; fileRef = 2289BC0416AD63CD007DC402 /* KMSTranscriptEntry.m */; };
		22A6602516B3198300117D24 /* KMSCommand.m in Sources */ = {isa = PBXBuildFile; fileRef = 22A6602416B3198300117D24 /* KMSCommand.m */; };
		22A6602816B32B4A00117D24 /* KMSSendDataCommand.m in Sources */ = {isa = PBXBuildFile; fileRef = 22A6602716B32B4A00117D24 /* KMSSendDataCommand.m */; };
		22A6602B16B32BA300117D24 /* KMSSendStringCommand.m in Sources */ = {isa = PBXBuildFile; fileRef = 22A6602A16B32BA300117D24 /* KMSSendStringCommand.m */; };
		22A6602E16B32BFD00117D24 /* KMSPauseCommand.m in Sources */ = {isa = PBXBuildFile; fileRef = 22A6602D16B32BFD00117D24 /* KMSPauseCommand.m */; };
		22A6603116B32C7F00117D24 /* KMSSendServerDataCommand.m in Sources */ = {isa = PBXBuildFile; fileRef = 22A6603016B32C7E00117D24 /* KMSSendServerDataCommand.m */; };
		22A6603416B32EFB00117D24 /* KMSCloseCommand.m in Sources */ = {isa = PBXBuildFile; fileRef = 22A6603316B32EFB00117D24 /* KMSCloseCommand.m */; };
		22BC963B167FB72200144FFE /* http.json in Resources */ = {isa = PBXBuildFile; fileRef = 22BC963A167FB72200144FFE /* http.json */; };
		22F6D0D8165A5B2400443CC9 /* KMSRegExResponder.m in Sources */ = {isa = PBXBuildFile; fileRef = 22F6D0D7165A5B2400443CC9 /* KMSRegExResponder.m */; };
		5F53DAED1727B9E800DE6269 /* SenTestingKit.framework in Frameworks */ = {isa = PBXBuildFile; fileRef = 220AD7991509019B00748655 /* SenTestingKit.framework */; };
		5F53DAFF1727BAF000DE6269 /* KMSCommand.m in Sources */ = {isa = PBXBuildFile; fileRef = 22A6602416B3198300117D24 /* KMSCommand.m */; };
		5F53DB001727BAF000DE6269 /* KMSServer.m in Sources */ = {isa = PBXBuildFile; fileRef = 2239A201164C53F3008D4ADE /* KMSServer.m */; };
		5F53DB011727BAF000DE6269 /* KMSRegExResponder.m in Sources */ = {isa = PBXBuildFile; fileRef = 22F6D0D7165A5B2400443CC9 /* KMSRegExResponder.m */; };
		5F53DB021727BAF000DE6269 /* KMSResponder.m in Sources */ = {isa = PBXBuildFile; fileRef = 2239A209164C53F3008D4ADE /* KMSResponder.m */; };
		5F53DB031727BAF000DE6269 /* KMSResponseCollection.m in Sources */ = {isa = PBXBuildFile; fileRef = 22662EE6165D219A005FCC4A /* KMSResponseCollection.m */; };
		5F53DB041727BAF000DE6269 /* KMSTestCase.m in Sources */ = {isa = PBXBuildFile; fileRef = 224AB392166E5A7A0066B1C6 /* KMSTestCase.m */; };
		5F53DB051727BAF000DE6269 /* KMSTranscriptEntry.m in Sources */ = {isa = PBXBuildFile; fileRef = 2289BC0416AD63CD007DC402 /* KMSTranscriptEntry.m */; };
		5F53DB061727BAF000DE6269 /* KMSCloseCommand.m in Sources */ = {isa = PBXBuildFile; fileRef = 22A6603316B32EFB00117D24 /* KMSCloseCommand.m */; };
		5F53DB071727BAF000DE6269 /* KMSPauseCommand.m in Sources */ = {isa = PBXBuildFile; fileRef = 22A6602D16B32BFD00117D24 /* KMSPauseCommand.m */; };
		5F53DB081727BAF000DE6269 /* KMSSendDataCommand.m in Sources */ = {isa = PBXBuildFile; fileRef = 22A6602716B32B4A00117D24 /* KMSSendDataCommand.m */; };
		5F53DB091727BAF000DE6269 /* KMSSendServerDataCommand.m in Sources */ = {isa = PBXBuildFile; fileRef = 22A6603016B32C7E00117D24 /* KMSSendServerDataCommand.m */; };
		5F53DB0A1727BAF000DE6269 /* KMSSendStringCommand.m in Sources */ = {isa = PBXBuildFile; fileRef = 22A6602A16B32BA300117D24 /* KMSSendStringCommand.m */; };
		5F53DB0B1727BAF000DE6269 /* KMSConnection.m in Sources */ = {isa = PBXBuildFile; fileRef = 2239A203164C53F3008D4ADE /* KMSConnection.m */; };
		5F53DB0C1727BAF000DE6269 /* KMSListener.m in Sources */ = {isa = PBXBuildFile; fileRef = 2239A207164C53F3008D4ADE /* KMSListener.m */; };
		5F53DB0D1727BAF000DE6269 /* KMSCollectionTests.m in Sources */ = {isa = PBXBuildFile; fileRef = 224AB38D166E5A660066B1C6 /* KMSCollectionTests.m */; };
		5F53DB0E1727BAF000DE6269 /* KMSManualTests.m in Sources */ = {isa = PBXBuildFile; fileRef = 224AB38E166E5A660066B1C6 /* KMSManualTests.m */; };
		5F53DB0F1727BB0D00DE6269 /* http.json in Resources */ = {isa = PBXBuildFile; fileRef = 22BC963A167FB72200144FFE /* http.json */; };
		5F53DB101727BB0D00DE6269 /* ftp.json in Resources */ = {isa = PBXBuildFile; fileRef = 22662EED165D2C65005FCC4A /* ftp.json */; };
		5F53DB111727BB0D00DE6269 /* webdav.json in Resources */ = {isa = PBXBuildFile; fileRef = 22662EEE165D2C65005FCC4A /* webdav.json */; };
/* End PBXBuildFile section */

/* Begin PBXCopyFilesBuildPhase section */
		22FA97F715090855001728B8 /* CopyFiles */ = {
			isa = PBXCopyFilesBuildPhase;
			buildActionMask = 2147483647;
			dstPath = "";
			dstSubfolderSpec = 10;
			files = (
			);
			runOnlyForDeploymentPostprocessing = 0;
		};
/* End PBXCopyFilesBuildPhase section */

/* Begin PBXFileReference section */
		220AD7981509019B00748655 /* UnitTests.octest */ = {isa = PBXFileReference; explicitFileType = wrapper.cfbundle; includeInIndex = 0; name = UnitTests.octest; path = "UnitTests OSX.octest"; sourceTree = BUILT_PRODUCTS_DIR; };
		220AD7991509019B00748655 /* SenTestingKit.framework */ = {isa = PBXFileReference; lastKnownFileType = wrapper.framework; name = SenTestingKit.framework; path = Library/Frameworks/SenTestingKit.framework; sourceTree = DEVELOPER_DIR; };
		2239A1FD164C5381008D4ADE /* UnitTest.plist */ = {isa = PBXFileReference; fileEncoding = 4; lastKnownFileType = text.plist.xml; path = UnitTest.plist; sourceTree = "<group>"; };
		2239A200164C53F3008D4ADE /* KMSServer.h */ = {isa = PBXFileReference; fileEncoding = 4; lastKnownFileType = sourcecode.c.h; path = KMSServer.h; sourceTree = SOURCE_ROOT; };
		2239A201164C53F3008D4ADE /* KMSServer.m */ = {isa = PBXFileReference; fileEncoding = 4; lastKnownFileType = sourcecode.c.objc; path = KMSServer.m; sourceTree = SOURCE_ROOT; };
		2239A202164C53F3008D4ADE /* KMSConnection.h */ = {isa = PBXFileReference; fileEncoding = 4; lastKnownFileType = sourcecode.c.h; path = KMSConnection.h; sourceTree = SOURCE_ROOT; };
		2239A203164C53F3008D4ADE /* KMSConnection.m */ = {isa = PBXFileReference; fileEncoding = 4; lastKnownFileType = sourcecode.c.objc; path = KMSConnection.m; sourceTree = SOURCE_ROOT; };
		2239A206164C53F3008D4ADE /* KMSListener.h */ = {isa = PBXFileReference; fileEncoding = 4; lastKnownFileType = sourcecode.c.h; path = KMSListener.h; sourceTree = SOURCE_ROOT; };
		2239A207164C53F3008D4ADE /* KMSListener.m */ = {isa = PBXFileReference; fileEncoding = 4; lastKnownFileType = sourcecode.c.objc; path = KMSListener.m; sourceTree = SOURCE_ROOT; };
		2239A208164C53F3008D4ADE /* KMSResponder.h */ = {isa = PBXFileReference; fileEncoding = 4; lastKnownFileType = sourcecode.c.h; path = KMSResponder.h; sourceTree = SOURCE_ROOT; };
		2239A209164C53F3008D4ADE /* KMSResponder.m */ = {isa = PBXFileReference; fileEncoding = 4; lastKnownFileType = sourcecode.c.objc; path = KMSResponder.m; sourceTree = SOURCE_ROOT; };
		2239A216164C5D0A008D4ADE /* README.md */ = {isa = PBXFileReference; lastKnownFileType = text; name = README.md; path = ../README.md; sourceTree = "<group>"; };
		224AB38D166E5A660066B1C6 /* KMSCollectionTests.m */ = {isa = PBXFileReference; fileEncoding = 4; lastKnownFileType = sourcecode.c.objc; path = KMSCollectionTests.m; sourceTree = "<group>"; };
		224AB38E166E5A660066B1C6 /* KMSManualTests.m */ = {isa = PBXFileReference; fileEncoding = 4; lastKnownFileType = sourcecode.c.objc; path = KMSManualTests.m; sourceTree = "<group>"; };
		224AB391166E5A7A0066B1C6 /* KMSTestCase.h */ = {isa = PBXFileReference; fileEncoding = 4; lastKnownFileType = sourcecode.c.h; path = KMSTestCase.h; sourceTree = SOURCE_ROOT; };
		224AB392166E5A7A0066B1C6 /* KMSTestCase.m */ = {isa = PBXFileReference; fileEncoding = 4; lastKnownFileType = sourcecode.c.objc; path = KMSTestCase.m; sourceTree = SOURCE_ROOT; };
		22662EE5165D2199005FCC4A /* KMSResponseCollection.h */ = {isa = PBXFileReference; fileEncoding = 4; lastKnownFileType = sourcecode.c.h; path = KMSResponseCollection.h; sourceTree = SOURCE_ROOT; };
		22662EE6165D219A005FCC4A /* KMSResponseCollection.m */ = {isa = PBXFileReference; fileEncoding = 4; lastKnownFileType = sourcecode.c.objc; path = KMSResponseCollection.m; sourceTree = SOURCE_ROOT; };
		22662EED165D2C65005FCC4A /* ftp.json */ = {isa = PBXFileReference; fileEncoding = 4; lastKnownFileType = text.json; path = ftp.json; sourceTree = "<group>"; };
		22662EEE165D2C65005FCC4A /* webdav.json */ = {isa = PBXFileReference; fileEncoding = 4; lastKnownFileType = text.json; path = webdav.json; sourceTree = "<group>"; };
		227CF8B716709C7B00F28590 /* Logging-template.md */ = {isa = PBXFileReference; fileEncoding = 4; lastKnownFileType = text; path = "Logging-template.md"; sourceTree = "<group>"; };
		227CF8B916709DC300F28590 /* UnitTest.pch */ = {isa = PBXFileReference; fileEncoding = 4; lastKnownFileType = sourcecode.c.h; path = UnitTest.pch; sourceTree = "<group>"; };
		227CF8C41671001900F28590 /* KMSState.h */ = {isa = PBXFileReference; fileEncoding = 4; lastKnownFileType = sourcecode.c.h; path = KMSState.h; sourceTree = SOURCE_ROOT; };
		2289BC0316AD63CD007DC402 /* KMSTranscriptEntry.h */ = {isa = PBXFileReference; fileEncoding = 4; lastKnownFileType = sourcecode.c.h; path = KMSTranscriptEntry.h; sourceTree = SOURCE_ROOT; };
		2289BC0416AD63CD007DC402 /* KMSTranscriptEntry.m */ = {isa = PBXFileReference; fileEncoding = 4; lastKnownFileType = sourcecode.c.objc; path = KMSTranscriptEntry.m; sourceTree = SOURCE_ROOT; };
		22A6602316B3198300117D24 /* KMSCommand.h */ = {isa = PBXFileReference; fileEncoding = 4; lastKnownFileType = sourcecode.c.h; path = KMSCommand.h; sourceTree = SOURCE_ROOT; };
		22A6602416B3198300117D24 /* KMSCommand.m */ = {isa = PBXFileReference; fileEncoding = 4; lastKnownFileType = sourcecode.c.objc; path = KMSCommand.m; sourceTree = SOURCE_ROOT; };
		22A6602616B32B4900117D24 /* KMSSendDataCommand.h */ = {isa = PBXFileReference; fileEncoding = 4; lastKnownFileType = sourcecode.c.h; path = KMSSendDataCommand.h; sourceTree = SOURCE_ROOT; };
		22A6602716B32B4A00117D24 /* KMSSendDataCommand.m */ = {isa = PBXFileReference; fileEncoding = 4; lastKnownFileType = sourcecode.c.objc; path = KMSSendDataCommand.m; sourceTree = SOURCE_ROOT; };
		22A6602916B32BA300117D24 /* KMSSendStringCommand.h */ = {isa = PBXFileReference; fileEncoding = 4; lastKnownFileType = sourcecode.c.h; path = KMSSendStringCommand.h; sourceTree = SOURCE_ROOT; };
		22A6602A16B32BA300117D24 /* KMSSendStringCommand.m */ = {isa = PBXFileReference; fileEncoding = 4; lastKnownFileType = sourcecode.c.objc; path = KMSSendStringCommand.m; sourceTree = SOURCE_ROOT; };
		22A6602C16B32BFD00117D24 /* KMSPauseCommand.h */ = {isa = PBXFileReference; fileEncoding = 4; lastKnownFileType = sourcecode.c.h; path = KMSPauseCommand.h; sourceTree = SOURCE_ROOT; };
		22A6602D16B32BFD00117D24 /* KMSPauseCommand.m */ = {isa = PBXFileReference; fileEncoding = 4; lastKnownFileType = sourcecode.c.objc; path = KMSPauseCommand.m; sourceTree = SOURCE_ROOT; };
		22A6602F16B32C7E00117D24 /* KMSSendServerDataCommand.h */ = {isa = PBXFileReference; fileEncoding = 4; lastKnownFileType = sourcecode.c.h; path = KMSSendServerDataCommand.h; sourceTree = SOURCE_ROOT; };
		22A6603016B32C7E00117D24 /* KMSSendServerDataCommand.m */ = {isa = PBXFileReference; fileEncoding = 4; lastKnownFileType = sourcecode.c.objc; path = KMSSendServerDataCommand.m; sourceTree = SOURCE_ROOT; };
		22A6603216B32EFB00117D24 /* KMSCloseCommand.h */ = {isa = PBXFileReference; fileEncoding = 4; lastKnownFileType = sourcecode.c.h; path = KMSCloseCommand.h; sourceTree = SOURCE_ROOT; };
		22A6603316B32EFB00117D24 /* KMSCloseCommand.m */ = {isa = PBXFileReference; fileEncoding = 4; lastKnownFileType = sourcecode.c.objc; path = KMSCloseCommand.m; sourceTree = SOURCE_ROOT; };
		22BC963A167FB72200144FFE /* http.json */ = {isa = PBXFileReference; fileEncoding = 4; lastKnownFileType = text.json; path = http.json; sourceTree = "<group>"; };
		22F4D567165FDCC3003FCEB9 /* Responses-template.md */ = {isa = PBXFileReference; lastKnownFileType = text; path = "Responses-template.md"; sourceTree = "<group>"; };
		22F4D568165FDED5003FCEB9 /* test.sh */ = {isa = PBXFileReference; lastKnownFileType = text.script.sh; path = test.sh; sourceTree = "<group>"; };
		22F6D0D4165A4A3400443CC9 /* .appledoc.plist */ = {isa = PBXFileReference; fileEncoding = 4; lastKnownFileType = text.plist.xml; name = .appledoc.plist; path = ../.appledoc.plist; sourceTree = "<group>"; };
		22F6D0D6165A5B2400443CC9 /* KMSRegExResponder.h */ = {isa = PBXFileReference; fileEncoding = 4; lastKnownFileType = sourcecode.c.h; path = KMSRegExResponder.h; sourceTree = SOURCE_ROOT; };
		22F6D0D7165A5B2400443CC9 /* KMSRegExResponder.m */ = {isa = PBXFileReference; fileEncoding = 4; lastKnownFileType = sourcecode.c.objc; path = KMSRegExResponder.m; sourceTree = SOURCE_ROOT; };
		22F6D0DA165A65AB00443CC9 /* Classes.graffle */ = {isa = PBXFileReference; lastKnownFileType = text.xml; path = Classes.graffle; sourceTree = "<group>"; };
		22F6D0DB165A65AB00443CC9 /* Design-template.md */ = {isa = PBXFileReference; lastKnownFileType = text; path = "Design-template.md"; sourceTree = "<group>"; wrapsLines = 1; };
		29B97325FDCFA39411CA2CEA /* Foundation.framework */ = {isa = PBXFileReference; lastKnownFileType = wrapper.framework; name = Foundation.framework; path = /System/Library/Frameworks/Foundation.framework; sourceTree = "<absolute>"; };
		5F53DAEC1727B9E800DE6269 /* UnitTests iOS.octest */ = {isa = PBXFileReference; explicitFileType = wrapper.cfbundle; includeInIndex = 0; path = "UnitTests iOS.octest"; sourceTree = BUILT_PRODUCTS_DIR; };
		5F53DAEE1727B9E800DE6269 /* UIKit.framework */ = {isa = PBXFileReference; lastKnownFileType = wrapper.framework; name = UIKit.framework; path = Library/Frameworks/UIKit.framework; sourceTree = DEVELOPER_DIR; };
/* End PBXFileReference section */

/* Begin PBXFrameworksBuildPhase section */
		220AD7941509019B00748655 /* Frameworks */ = {
			isa = PBXFrameworksBuildPhase;
			buildActionMask = 2147483647;
			files = (
				220AD79A1509019B00748655 /* SenTestingKit.framework in Frameworks */,
			);
			runOnlyForDeploymentPostprocessing = 0;
		};
		5F53DAE81727B9E800DE6269 /* Frameworks */ = {
			isa = PBXFrameworksBuildPhase;
			buildActionMask = 2147483647;
			files = (
				5F53DAED1727B9E800DE6269 /* SenTestingKit.framework in Frameworks */,
			);
			runOnlyForDeploymentPostprocessing = 0;
		};
/* End PBXFrameworksBuildPhase section */

/* Begin PBXGroup section */
		19C28FACFE9D520D11CA2CBB /* Products */ = {
			isa = PBXGroup;
			children = (
				220AD7981509019B00748655 /* UnitTests.octest */,
				5F53DAEC1727B9E800DE6269 /* UnitTests iOS.octest */,
			);
			name = Products;
			sourceTree = "<group>";
		};
		2239A1FB164C5381008D4ADE /* UnitTests */ = {
			isa = PBXGroup;
			children = (
				22F4D568165FDED5003FCEB9 /* test.sh */,
				224AB38D166E5A660066B1C6 /* KMSCollectionTests.m */,
				224AB38E166E5A660066B1C6 /* KMSManualTests.m */,
				227CF8B916709DC300F28590 /* UnitTest.pch */,
				2239A1FD164C5381008D4ADE /* UnitTest.plist */,
				2262E767165FBFFD004BD4A2 /* Response Files */,
			);
			path = UnitTests;
			sourceTree = "<group>";
		};
		2262E767165FBFFD004BD4A2 /* Response Files */ = {
			isa = PBXGroup;
			children = (
				22BC963A167FB72200144FFE /* http.json */,
				22662EED165D2C65005FCC4A /* ftp.json */,
				22662EEE165D2C65005FCC4A /* webdav.json */,
			);
			name = "Response Files";
			sourceTree = "<group>";
		};
		2262E768165FC38D004BD4A2 /* Internal */ = {
			isa = PBXGroup;
			children = (
				22A6603216B32EFB00117D24 /* KMSCloseCommand.h */,
				22A6603316B32EFB00117D24 /* KMSCloseCommand.m */,
				22A6602C16B32BFD00117D24 /* KMSPauseCommand.h */,
				22A6602D16B32BFD00117D24 /* KMSPauseCommand.m */,
				22A6602616B32B4900117D24 /* KMSSendDataCommand.h */,
				22A6602716B32B4A00117D24 /* KMSSendDataCommand.m */,
				22A6602F16B32C7E00117D24 /* KMSSendServerDataCommand.h */,
				22A6603016B32C7E00117D24 /* KMSSendServerDataCommand.m */,
				22A6602916B32BA300117D24 /* KMSSendStringCommand.h */,
				22A6602A16B32BA300117D24 /* KMSSendStringCommand.m */,
				2239A202164C53F3008D4ADE /* KMSConnection.h */,
				2239A203164C53F3008D4ADE /* KMSConnection.m */,
				2239A206164C53F3008D4ADE /* KMSListener.h */,
				2239A207164C53F3008D4ADE /* KMSListener.m */,
			);
			name = Internal;
			sourceTree = "<group>";
		};
		22B47C59164AE5EE006E80EB /* MockServer */ = {
			isa = PBXGroup;
			children = (
				22A6602316B3198300117D24 /* KMSCommand.h */,
				22A6602416B3198300117D24 /* KMSCommand.m */,
				2239A200164C53F3008D4ADE /* KMSServer.h */,
				2239A201164C53F3008D4ADE /* KMSServer.m */,
				227CF8C41671001900F28590 /* KMSState.h */,
				22F6D0D6165A5B2400443CC9 /* KMSRegExResponder.h */,
				22F6D0D7165A5B2400443CC9 /* KMSRegExResponder.m */,
				2239A208164C53F3008D4ADE /* KMSResponder.h */,
				2239A209164C53F3008D4ADE /* KMSResponder.m */,
				22662EE5165D2199005FCC4A /* KMSResponseCollection.h */,
				22662EE6165D219A005FCC4A /* KMSResponseCollection.m */,
				224AB391166E5A7A0066B1C6 /* KMSTestCase.h */,
				224AB392166E5A7A0066B1C6 /* KMSTestCase.m */,
				2289BC0316AD63CD007DC402 /* KMSTranscriptEntry.h */,
				2289BC0416AD63CD007DC402 /* KMSTranscriptEntry.m */,
				2262E768165FC38D004BD4A2 /* Internal */,
			);
			name = MockServer;
			path = "unit test";
			sourceTree = "<group>";
		};
		22F6D0D9165A65AB00443CC9 /* Documentation */ = {
			isa = PBXGroup;
			children = (
				2239A216164C5D0A008D4ADE /* README.md */,
				22F4D567165FDCC3003FCEB9 /* Responses-template.md */,
				227CF8B716709C7B00F28590 /* Logging-template.md */,
				22F6D0D4165A4A3400443CC9 /* .appledoc.plist */,
				22F6D0DA165A65AB00443CC9 /* Classes.graffle */,
				22F6D0DB165A65AB00443CC9 /* Design-template.md */,
			);
			path = Documentation;
			sourceTree = "<group>";
		};
		29B97314FDCFA39411CA2CEA /* Connection */ = {
			isa = PBXGroup;
			children = (
				22F6D0D9165A65AB00443CC9 /* Documentation */,
				22B47C59164AE5EE006E80EB /* MockServer */,
				2239A1FB164C5381008D4ADE /* UnitTests */,
				29B97317FDCFA39411CA2CEA /* Resources */,
				29B97323FDCFA39411CA2CEA /* Frameworks */,
				19C28FACFE9D520D11CA2CBB /* Products */,
			);
			name = Connection;
			sourceTree = "<group>";
		};
		29B97317FDCFA39411CA2CEA /* Resources */ = {
			isa = PBXGroup;
			children = (
			);
			name = Resources;
			sourceTree = "<group>";
		};
		29B97323FDCFA39411CA2CEA /* Frameworks */ = {
			isa = PBXGroup;
			children = (
				29B97325FDCFA39411CA2CEA /* Foundation.framework */,
				220AD7991509019B00748655 /* SenTestingKit.framework */,
				5F53DAEE1727B9E800DE6269 /* UIKit.framework */,
			);
			name = Frameworks;
			sourceTree = "<group>";
		};
/* End PBXGroup section */

/* Begin PBXNativeTarget section */
		220AD7971509019B00748655 /* UnitTests OSX */ = {
			isa = PBXNativeTarget;
			buildConfigurationList = 220AD7A71509019B00748655 /* Build configuration list for PBXNativeTarget "UnitTests OSX" */;
			buildPhases = (
				220AD7931509019B00748655 /* Sources */,
				220AD7941509019B00748655 /* Frameworks */,
				220AD7951509019B00748655 /* Resources */,
				22FA97F715090855001728B8 /* CopyFiles */,
				220AD7961509019B00748655 /* ShellScript */,
			);
			buildRules = (
			);
			dependencies = (
			);
			name = "UnitTests OSX";
			productName = Tests;
			productReference = 220AD7981509019B00748655 /* UnitTests.octest */;
			productType = "com.apple.product-type.bundle";
		};
		5F53DAEB1727B9E800DE6269 /* UnitTests iOS */ = {
			isa = PBXNativeTarget;
			buildConfigurationList = 5F53DAFE1727B9E800DE6269 /* Build configuration list for PBXNativeTarget "UnitTests iOS" */;
			buildPhases = (
				5F53DAE71727B9E800DE6269 /* Sources */,
				5F53DAE81727B9E800DE6269 /* Frameworks */,
				5F53DAE91727B9E800DE6269 /* Resources */,
				5F53DAEA1727B9E800DE6269 /* ShellScript */,
			);
			buildRules = (
			);
			dependencies = (
			);
			name = "UnitTests iOS";
			productName = "UnitTests-iOS";
			productReference = 5F53DAEC1727B9E800DE6269 /* UnitTests iOS.octest */;
			productType = "com.apple.product-type.bundle";
		};
/* End PBXNativeTarget section */

/* Begin PBXProject section */
		29B97313FDCFA39411CA2CEA /* Project object */ = {
			isa = PBXProject;
			attributes = {
				CLASSPREFIX = KMS;
				LastUpgradeCheck = 0440;
				ORGANIZATIONNAME = "Karelia Software";
			};
			buildConfigurationList = C01FCF4E08A954540054247B /* Build configuration list for PBXProject "MockServer" */;
			compatibilityVersion = "Xcode 3.2";
			developmentRegion = en;
			hasScannedForEncodings = 1;
			knownRegions = (
				English,
				en,
				ja,
				fr,
				de,
				zh_TW,
				da,
				it,
				es,
				zh_CN,
				pt_BR,
			);
			mainGroup = 29B97314FDCFA39411CA2CEA /* Connection */;
			projectDirPath = "";
			projectRoot = "";
			targets = (
				220AD7971509019B00748655 /* UnitTests OSX */,
				5F53DAEB1727B9E800DE6269 /* UnitTests iOS */,
			);
		};
/* End PBXProject section */

/* Begin PBXResourcesBuildPhase section */
		220AD7951509019B00748655 /* Resources */ = {
			isa = PBXResourcesBuildPhase;
			buildActionMask = 2147483647;
			files = (
				22662EEF165D2C65005FCC4A /* ftp.json in Resources */,
				22662EF0165D2C65005FCC4A /* webdav.json in Resources */,
				22BC963B167FB72200144FFE /* http.json in Resources */,
			);
			runOnlyForDeploymentPostprocessing = 0;
		};
		5F53DAE91727B9E800DE6269 /* Resources */ = {
			isa = PBXResourcesBuildPhase;
			buildActionMask = 2147483647;
			files = (
				5F53DB0F1727BB0D00DE6269 /* http.json in Resources */,
				5F53DB101727BB0D00DE6269 /* ftp.json in Resources */,
				5F53DB111727BB0D00DE6269 /* webdav.json in Resources */,
			);
			runOnlyForDeploymentPostprocessing = 0;
		};
/* End PBXResourcesBuildPhase section */

/* Begin PBXShellScriptBuildPhase section */
		220AD7961509019B00748655 /* ShellScript */ = {
			isa = PBXShellScriptBuildPhase;
			buildActionMask = 2147483647;
			files = (
			);
			inputPaths = (
			);
			outputPaths = (
			);
			runOnlyForDeploymentPostprocessing = 0;
			shellPath = /bin/sh;
			shellScript = "# Run the unit tests in this test bundle.\n\"${SYSTEM_DEVELOPER_DIR}/Tools/RunUnitTests\"\n";
			showEnvVarsInLog = 0;
		};
		5F53DAEA1727B9E800DE6269 /* ShellScript */ = {
			isa = PBXShellScriptBuildPhase;
			buildActionMask = 2147483647;
			files = (
			);
			inputPaths = (
			);
			outputPaths = (
			);
			runOnlyForDeploymentPostprocessing = 0;
			shellPath = /bin/sh;
			shellScript = "# Run the unit tests in this test bundle.\n\"${SYSTEM_DEVELOPER_DIR}/Tools/RunUnitTests\"\n";
			showEnvVarsInLog = 0;
		};
/* End PBXShellScriptBuildPhase section */

/* Begin PBXSourcesBuildPhase section */
		220AD7931509019B00748655 /* Sources */ = {
			isa = PBXSourcesBuildPhase;
			buildActionMask = 2147483647;
			files = (
				2239A20A164C53F3008D4ADE /* KMSServer.m in Sources */,
				2239A20B164C53F3008D4ADE /* KMSConnection.m in Sources */,
				2239A20D164C53F3008D4ADE /* KMSListener.m in Sources */,
				2239A20E164C53F3008D4ADE /* KMSResponder.m in Sources */,
				22F6D0D8165A5B2400443CC9 /* KMSRegExResponder.m in Sources */,
				22662EE7165D219A005FCC4A /* KMSResponseCollection.m in Sources */,
				224AB38F166E5A660066B1C6 /* KMSCollectionTests.m in Sources */,
				224AB390166E5A660066B1C6 /* KMSManualTests.m in Sources */,
				224AB393166E5A7A0066B1C6 /* KMSTestCase.m in Sources */,
				2289BC0516AD63CD007DC402 /* KMSTranscriptEntry.m in Sources */,
				22A6602516B3198300117D24 /* KMSCommand.m in Sources */,
				22A6602816B32B4A00117D24 /* KMSSendDataCommand.m in Sources */,
				22A6602B16B32BA300117D24 /* KMSSendStringCommand.m in Sources */,
				22A6602E16B32BFD00117D24 /* KMSPauseCommand.m in Sources */,
				22A6603116B32C7F00117D24 /* KMSSendServerDataCommand.m in Sources */,
				22A6603416B32EFB00117D24 /* KMSCloseCommand.m in Sources */,
			);
			runOnlyForDeploymentPostprocessing = 0;
		};
		5F53DAE71727B9E800DE6269 /* Sources */ = {
			isa = PBXSourcesBuildPhase;
			buildActionMask = 2147483647;
			files = (
				5F53DAFF1727BAF000DE6269 /* KMSCommand.m in Sources */,
				5F53DB001727BAF000DE6269 /* KMSServer.m in Sources */,
				5F53DB011727BAF000DE6269 /* KMSRegExResponder.m in Sources */,
				5F53DB021727BAF000DE6269 /* KMSResponder.m in Sources */,
				5F53DB031727BAF000DE6269 /* KMSResponseCollection.m in Sources */,
				5F53DB041727BAF000DE6269 /* KMSTestCase.m in Sources */,
				5F53DB051727BAF000DE6269 /* KMSTranscriptEntry.m in Sources */,
				5F53DB061727BAF000DE6269 /* KMSCloseCommand.m in Sources */,
				5F53DB071727BAF000DE6269 /* KMSPauseCommand.m in Sources */,
				5F53DB081727BAF000DE6269 /* KMSSendDataCommand.m in Sources */,
				5F53DB091727BAF000DE6269 /* KMSSendServerDataCommand.m in Sources */,
				5F53DB0A1727BAF000DE6269 /* KMSSendStringCommand.m in Sources */,
				5F53DB0B1727BAF000DE6269 /* KMSConnection.m in Sources */,
				5F53DB0C1727BAF000DE6269 /* KMSListener.m in Sources */,
				5F53DB0D1727BAF000DE6269 /* KMSCollectionTests.m in Sources */,
				5F53DB0E1727BAF000DE6269 /* KMSManualTests.m in Sources */,
			);
			runOnlyForDeploymentPostprocessing = 0;
		};
/* End PBXSourcesBuildPhase section */

/* Begin XCBuildConfiguration section */
		220AD7A81509019B00748655 /* Debug */ = {
			isa = XCBuildConfiguration;
			buildSettings = {
				ALWAYS_SEARCH_USER_PATHS = NO;
				ARCHS = "$(ARCHS_STANDARD_32_64_BIT)";
				COMBINE_HIDPI_IMAGES = YES;
				COPY_PHASE_STRIP = NO;
				FRAMEWORK_SEARCH_PATHS = "$(DEVELOPER_LIBRARY_DIR)/Frameworks";
				GCC_C_LANGUAGE_STANDARD = gnu99;
				GCC_DYNAMIC_NO_PIC = NO;
				GCC_ENABLE_OBJC_EXCEPTIONS = YES;
				GCC_OPTIMIZATION_LEVEL = 0;
				GCC_PRECOMPILE_PREFIX_HEADER = YES;
				GCC_PREPROCESSOR_DEFINITIONS = (
					"DEBUG=1",
					"$(inherited)",
				);
				GCC_SYMBOLS_PRIVATE_EXTERN = NO;
				GCC_VERSION = com.apple.compilers.llvm.clang.1_0;
				GCC_WARN_64_TO_32_BIT_CONVERSION = YES;
				GCC_WARN_UNINITIALIZED_AUTOS = YES;
				LD_RUNPATH_SEARCH_PATHS = "\"@loader_path/../Frameworks\"";
				MACOSX_DEPLOYMENT_TARGET = 10.7;
				ONLY_ACTIVE_ARCH = YES;
				PRODUCT_NAME = "$(TARGET_NAME)";
				WRAPPER_EXTENSION = octest;
			};
			name = Debug;
		};
		220AD7A91509019B00748655 /* Release */ = {
			isa = XCBuildConfiguration;
			buildSettings = {
				ALWAYS_SEARCH_USER_PATHS = NO;
				ARCHS = "$(ARCHS_STANDARD_32_64_BIT)";
				COMBINE_HIDPI_IMAGES = YES;
				COPY_PHASE_STRIP = YES;
				DEBUG_INFORMATION_FORMAT = "dwarf-with-dsym";
				FRAMEWORK_SEARCH_PATHS = "$(DEVELOPER_LIBRARY_DIR)/Frameworks";
				GCC_C_LANGUAGE_STANDARD = gnu99;
				GCC_ENABLE_OBJC_EXCEPTIONS = YES;
				GCC_PRECOMPILE_PREFIX_HEADER = YES;
				GCC_VERSION = com.apple.compilers.llvm.clang.1_0;
				GCC_WARN_64_TO_32_BIT_CONVERSION = YES;
				GCC_WARN_UNINITIALIZED_AUTOS = YES;
				LD_RUNPATH_SEARCH_PATHS = "\"@loader_path/../Frameworks\"";
				MACOSX_DEPLOYMENT_TARGET = 10.7;
				PRODUCT_NAME = "$(TARGET_NAME)";
				WRAPPER_EXTENSION = octest;
			};
			name = Release;
		};
		220AD7AA1509019B00748655 /* Plugin */ = {
			isa = XCBuildConfiguration;
			buildSettings = {
				ALWAYS_SEARCH_USER_PATHS = NO;
				ARCHS = "$(ARCHS_STANDARD_32_64_BIT)";
				COMBINE_HIDPI_IMAGES = YES;
				COPY_PHASE_STRIP = YES;
				DEBUG_INFORMATION_FORMAT = "dwarf-with-dsym";
				FRAMEWORK_SEARCH_PATHS = "$(DEVELOPER_LIBRARY_DIR)/Frameworks";
				GCC_C_LANGUAGE_STANDARD = gnu99;
				GCC_ENABLE_OBJC_EXCEPTIONS = YES;
				GCC_PRECOMPILE_PREFIX_HEADER = YES;
				GCC_VERSION = com.apple.compilers.llvm.clang.1_0;
				GCC_WARN_64_TO_32_BIT_CONVERSION = YES;
				GCC_WARN_UNINITIALIZED_AUTOS = YES;
				LD_RUNPATH_SEARCH_PATHS = "\"@loader_path/../Frameworks\"";
				MACOSX_DEPLOYMENT_TARGET = 10.7;
				PRODUCT_NAME = "$(TARGET_NAME)";
				WRAPPER_EXTENSION = octest;
			};
			name = Plugin;
		};
		5F53DAFB1727B9E800DE6269 /* Debug */ = {
			isa = XCBuildConfiguration;
			buildSettings = {
				ALWAYS_SEARCH_USER_PATHS = NO;
				CLANG_CXX_LANGUAGE_STANDARD = "gnu++0x";
				CLANG_CXX_LIBRARY = "libc++";
				CLANG_WARN_CONSTANT_CONVERSION = YES;
				CLANG_WARN_EMPTY_BODY = YES;
				CLANG_WARN_ENUM_CONVERSION = YES;
				CLANG_WARN_INT_CONVERSION = YES;
				CLANG_WARN__DUPLICATE_METHOD_MATCH = YES;
				COPY_PHASE_STRIP = NO;
				FRAMEWORK_SEARCH_PATHS = (
					"\"$(SDKROOT)/Developer/Library/Frameworks\"",
					"\"$(DEVELOPER_LIBRARY_DIR)/Frameworks\"",
				);
				GCC_C_LANGUAGE_STANDARD = gnu99;
				GCC_DYNAMIC_NO_PIC = NO;
				GCC_OPTIMIZATION_LEVEL = 0;
				GCC_PRECOMPILE_PREFIX_HEADER = YES;
				GCC_PREPROCESSOR_DEFINITIONS = (
					"DEBUG=1",
					"$(inherited)",
				);
				GCC_SYMBOLS_PRIVATE_EXTERN = NO;
				GCC_WARN_UNINITIALIZED_AUTOS = YES;
				IPHONEOS_DEPLOYMENT_TARGET = 5.1;
				PRODUCT_NAME = "$(TARGET_NAME)";
				SDKROOT = iphoneos;
				WRAPPER_EXTENSION = octest;
			};
			name = Debug;
		};
		5F53DAFC1727B9E800DE6269 /* Release */ = {
			isa = XCBuildConfiguration;
			buildSettings = {
				ALWAYS_SEARCH_USER_PATHS = NO;
				CLANG_CXX_LANGUAGE_STANDARD = "gnu++0x";
				CLANG_CXX_LIBRARY = "libc++";
				CLANG_WARN_CONSTANT_CONVERSION = YES;
				CLANG_WARN_EMPTY_BODY = YES;
				CLANG_WARN_ENUM_CONVERSION = YES;
				CLANG_WARN_INT_CONVERSION = YES;
				CLANG_WARN__DUPLICATE_METHOD_MATCH = YES;
				COPY_PHASE_STRIP = YES;
				FRAMEWORK_SEARCH_PATHS = (
					"\"$(SDKROOT)/Developer/Library/Frameworks\"",
					"\"$(DEVELOPER_LIBRARY_DIR)/Frameworks\"",
				);
				GCC_C_LANGUAGE_STANDARD = gnu99;
				GCC_PRECOMPILE_PREFIX_HEADER = YES;
				GCC_WARN_UNINITIALIZED_AUTOS = YES;
				IPHONEOS_DEPLOYMENT_TARGET = 5.1;
				PRODUCT_NAME = "$(TARGET_NAME)";
				SDKROOT = iphoneos;
				VALIDATE_PRODUCT = YES;
				WRAPPER_EXTENSION = octest;
			};
			name = Release;
		};
		5F53DAFD1727B9E800DE6269 /* Plugin */ = {
			isa = XCBuildConfiguration;
			buildSettings = {
				ALWAYS_SEARCH_USER_PATHS = NO;
				CLANG_CXX_LANGUAGE_STANDARD = "gnu++0x";
				CLANG_CXX_LIBRARY = "libc++";
				CLANG_WARN_CONSTANT_CONVERSION = YES;
				CLANG_WARN_EMPTY_BODY = YES;
				CLANG_WARN_ENUM_CONVERSION = YES;
				CLANG_WARN_INT_CONVERSION = YES;
				CLANG_WARN__DUPLICATE_METHOD_MATCH = YES;
				COPY_PHASE_STRIP = YES;
				FRAMEWORK_SEARCH_PATHS = (
					"\"$(SDKROOT)/Developer/Library/Frameworks\"",
					"\"$(DEVELOPER_LIBRARY_DIR)/Frameworks\"",
				);
				GCC_C_LANGUAGE_STANDARD = gnu99;
				GCC_PRECOMPILE_PREFIX_HEADER = YES;
				GCC_WARN_UNINITIALIZED_AUTOS = YES;
				IPHONEOS_DEPLOYMENT_TARGET = 5.1;
				PRODUCT_NAME = "$(TARGET_NAME)";
				SDKROOT = iphoneos;
				VALIDATE_PRODUCT = YES;
				WRAPPER_EXTENSION = octest;
			};
			name = Plugin;
		};
		79A857940B9267CA00D9C844 /* Plugin */ = {
			isa = XCBuildConfiguration;
			buildSettings = {
				ARCHS = "$(ARCHS_STANDARD_32_64_BIT)";
				GCC_INCREASE_PRECOMPILED_HEADER_SHARING = NO;
				GCC_WARN_ABOUT_RETURN_TYPE = YES;
				GCC_WARN_UNUSED_VARIABLE = YES;
				MACOSX_DEPLOYMENT_TARGET = 10.5;
				SDKROOT = macosx;
			};
			name = Plugin;
		};
		C01FCF4F08A954540054247B /* Debug */ = {
			isa = XCBuildConfiguration;
			buildSettings = {
				ARCHS = "$(ARCHS_STANDARD_32_64_BIT)";
				GCC_INCREASE_PRECOMPILED_HEADER_SHARING = NO;
				GCC_WARN_ABOUT_RETURN_TYPE = YES;
				GCC_WARN_UNUSED_VARIABLE = YES;
				MACOSX_DEPLOYMENT_TARGET = 10.5;
				ONLY_ACTIVE_ARCH = YES;
				SDKROOT = macosx;
			};
			name = Debug;
		};
		C01FCF5008A954540054247B /* Release */ = {
			isa = XCBuildConfiguration;
			buildSettings = {
				ARCHS = "$(ARCHS_STANDARD_32_64_BIT)";
				GCC_INCREASE_PRECOMPILED_HEADER_SHARING = NO;
				GCC_TREAT_WARNINGS_AS_ERRORS = NO;
				GCC_WARN_ABOUT_RETURN_TYPE = YES;
				GCC_WARN_UNUSED_VARIABLE = YES;
				MACOSX_DEPLOYMENT_TARGET = 10.5;
				SDKROOT = macosx;
			};
			name = Release;
		};
/* End XCBuildConfiguration section */

/* Begin XCConfigurationList section */
		220AD7A71509019B00748655 /* Build configuration list for PBXNativeTarget "UnitTests OSX" */ = {
			isa = XCConfigurationList;
			buildConfigurations = (
				220AD7A81509019B00748655 /* Debug */,
				220AD7A91509019B00748655 /* Release */,
				220AD7AA1509019B00748655 /* Plugin */,
			);
			defaultConfigurationIsVisible = 0;
			defaultConfigurationName = Release;
		};
		5F53DAFE1727B9E800DE6269 /* Build configuration list for PBXNativeTarget "UnitTests iOS" */ = {
			isa = XCConfigurationList;
			buildConfigurations = (
				5F53DAFB1727B9E800DE6269 /* Debug */,
				5F53DAFC1727B9E800DE6269 /* Release */,
				5F53DAFD1727B9E800DE6269 /* Plugin */,
			);
			defaultConfigurationIsVisible = 0;
			defaultConfigurationName = Release;
		};
		C01FCF4E08A954540054247B /* Build configuration list for PBXProject "MockServer" */ = {
			isa = XCConfigurationList;
			buildConfigurations = (
				C01FCF4F08A954540054247B /* Debug */,
				C01FCF5008A954540054247B /* Release */,
				79A857940B9267CA00D9C844 /* Plugin */,
			);
			defaultConfigurationIsVisible = 0;
			defaultConfigurationName = Release;
		};
/* End XCConfigurationList section */
	};
	rootObject = 29B97313FDCFA39411CA2CEA /* Project object */;
}
